github.com/ajstarks/deck v0.0.0-20220705110828-f91975957a58 h1:AGjDCI3/Qfra13DCOuEH6Z3zf/neeQeHzre7jxkv60c=
github.com/ajstarks/deck v0.0.0-20220705110828-f91975957a58/go.mod h1:8XEdKkD+Bk7YhhX9FS9Nz2eghb+Hh58w9U4OL28zd14=
github.com/ajstarks/deck/generate v0.0.0-20250118150323-ef6ed1252085 h1:yVzulUnHuYAvAaLF6opLYXyRZBpbOCkwyq19skXUfco=
github.com/ajstarks/deck/generate v0.0.0-20250118150323-ef6ed1252085/go.mod h1:al/X+Mdfx3esXeGnnIVn5aYB6SfwTu+9T0u4EXmKJuk=
honnef.co/go/tools v0.6.0 h1:TAODvD3knlq75WCp2nyGJtT4LeRV/o7NN9nYPeVJXf8=
honnef.co/go/tools v0.6.0/go.mod h1:3puzxxljPCe8RGJX7BIy1plGbxEOZni5mR2aXe3/uk4=
